
Microsoft Visual Studio Solution File, Format Version 10.00
# Visual Studio 2008
Project("{2150E333-8FDC-42A3-9474-1A3956D46DE8}") = "common", "common", "{EF9BA84E-5B4D-47C2-BB0B-12F7D850373F}"
EndProject
Project("{8BC9CEB8-8B4A-11D0-8D11-00A0C91BC942}") = "shrUtils", "..\shared\shrUtils_vs2008.vcproj", "{F9750D72-D315-4F81-AF1B-10938220FFB3}"
EndProject
Project("{8BC9CEB8-8B4A-11D0-8D11-00A0C91BC942}") = "cutil", "common\cutil_vs2008.vcproj", "{46FB0B73-5A53-444A-8E72-F4F0A373098C}"
	ProjectSection(ProjectDependencies) = postProject
		{F9750D72-D315-4F81-AF1B-10938220FFB3} = {F9750D72-D315-4F81-AF1B-10938220FFB3}
	EndProjectSection
EndProject
Project("{2150E333-8FDC-42A3-9474-1A3956D46DE8}") = "NPP Samples", "NPP Samples", "{86F2DB76-1A22-42A6-AF1C-735A6F30B9A2}"
EndProject
Project("{8BC9CEB8-8B4A-11D0-8D11-00A0C91BC942}") = "UtilNPP", "common\UtilNPP\UtilNPP_vs2008.vcproj", "{E54E5A3F-E4D7-498F-8CBD-FA8BB3F4D381}"
EndProject
Project("{8BC9CEB8-8B4A-11D0-8D11-00A0C91BC942}") = "imageSegmentationNPP", "src\imageSegmentationNPP\imageSegmentationNPP_vs2008.vcproj", "{E2BB236E-F5A2-4C39-BA0D-4B5DCEACF560}"
	ProjectSection(ProjectDependencies) = postProject
		{E54E5A3F-E4D7-498F-8CBD-FA8BB3F4D381} = {E54E5A3F-E4D7-498F-8CBD-FA8BB3F4D381}
	EndProjectSection
EndProject
Project("{8BC9CEB8-8B4A-11D0-8D11-00A0C91BC942}") = "boxFilterNPP", "src\boxFilterNPP\boxFilterNPP_vs2008.vcproj", "{997E0757-EA74-4A4E-A0FC-47D8C8831A15}"
	ProjectSection(ProjectDependencies) = postProject
		{E54E5A3F-E4D7-498F-8CBD-FA8BB3F4D381} = {E54E5A3F-E4D7-498F-8CBD-FA8BB3F4D381}
	EndProjectSection
EndProject
Project("{8BC9CEB8-8B4A-11D0-8D11-00A0C91BC942}") = "freeImageInteropNPP", "src\freeImageInteropNPP\freeImageInteropNPP_vs2008.vcproj", "{2FCFE97F-6D39-4E22-9F94-633B09F06852}"
	ProjectSection(ProjectDependencies) = postProject
		{E54E5A3F-E4D7-498F-8CBD-FA8BB3F4D381} = {E54E5A3F-E4D7-498F-8CBD-FA8BB3F4D381}
	EndProjectSection
EndProject
Project("{8BC9CEB8-8B4A-11D0-8D11-00A0C91BC942}") = "histEqualizationNPP", "src\histEqualizationNPP\histEqualizationNPP_vs2008.vcproj", "{98A7EB54-7FD9-460D-A416-6A60B2BE2AF3}"
	ProjectSection(ProjectDependencies) = postProject
		{E54E5A3F-E4D7-498F-8CBD-FA8BB3F4D381} = {E54E5A3F-E4D7-498F-8CBD-FA8BB3F4D381}
	EndProjectSection
EndProject
Project("{2150E333-8FDC-42A3-9474-1A3956D46DE8}") = "CUBLAS Samples", "CUBLAS Samples", "{DF0B22F3-D8B1-4608-A44F-49CDB7063CFD}"
EndProject
Project("{2150E333-8FDC-42A3-9474-1A3956D46DE8}") = "CUFFT Samples", "CUFFT Samples", "{B5C2B107-A761-491A-81C7-73996C809754}"
EndProject
Project("{8BC9CEB8-8B4A-11D0-8D11-00A0C91BC942}") = "batchcublas", "src\batchCUBLAS\batchCUBLAS_vs2008.vcproj", "{95661709-3E8F-4AF7-9463-C2429A773093}"
	ProjectSection(ProjectDependencies) = postProject
		{46FB0B73-5A53-444A-8E72-F4F0A373098C} = {46FB0B73-5A53-444A-8E72-F4F0A373098C}
	EndProjectSection
EndProject
Project("{8BC9CEB8-8B4A-11D0-8D11-00A0C91BC942}") = "conjugateGradient", "src\conjugateGradient\conjugateGradient_vs2008.vcproj", "{D2207C3A-B231-4B34-85B2-CA452194AAC7}"
	ProjectSection(ProjectDependencies) = postProject
		{46FB0B73-5A53-444A-8E72-F4F0A373098C} = {46FB0B73-5A53-444A-8E72-F4F0A373098C}
	EndProjectSection
EndProject
Project("{8BC9CEB8-8B4A-11D0-8D11-00A0C91BC942}") = "conjugateGradientPrecond", "src\conjugateGradientPrecond\conjugateGradientPrecond_vs2008.vcproj", "{54142D3D-D5C4-43D9-9B07-E0F1B3FEB263}"
	ProjectSection(ProjectDependencies) = postProject
		{46FB0B73-5A53-444A-8E72-F4F0A373098C} = {46FB0B73-5A53-444A-8E72-F4F0A373098C}
	EndProjectSection
EndProject
Project("{8BC9CEB8-8B4A-11D0-8D11-00A0C91BC942}") = "simpleCUBLAS", "src\simpleCUBLAS\simpleCUBLAS_vs2008.vcproj", "{83829116-B2E8-4865-A03E-68CC9EB72CFB}"
	ProjectSection(ProjectDependencies) = postProject
		{46FB0B73-5A53-444A-8E72-F4F0A373098C} = {46FB0B73-5A53-444A-8E72-F4F0A373098C}
	EndProjectSection
EndProject
Project("{8BC9CEB8-8B4A-11D0-8D11-00A0C91BC942}") = "simpleCUFFT", "src\simpleCUFFT\simpleCUFFT_vs2008.vcproj", "{F04D5FC5-548F-40B7-89BA-7DF4E9EEDEE3}"
	ProjectSection(ProjectDependencies) = postProject
		{46FB0B73-5A53-444A-8E72-F4F0A373098C} = {46FB0B73-5A53-444A-8E72-F4F0A373098C}
	EndProjectSection
EndProject
Global
	GlobalSection(SolutionConfigurationPlatforms) = preSolution
		Debug|Win32 = Debug|Win32
		Debug|x64 = Debug|x64
		Release|Win32 = Release|Win32
		Release|x64 = Release|x64
	EndGlobalSection
	GlobalSection(ProjectConfigurationPlatforms) = postSolution
		{F9750D72-D315-4F81-AF1B-10938220FFB3}.Debug|Win32.ActiveCfg = Debug|Win32
		{F9750D72-D315-4F81-AF1B-10938220FFB3}.Debug|Win32.Build.0 = Debug|Win32
		{F9750D72-D315-4F81-AF1B-10938220FFB3}.Debug|x64.ActiveCfg = Debug|x64
		{F9750D72-D315-4F81-AF1B-10938220FFB3}.Debug|x64.Build.0 = Debug|x64
		{F9750D72-D315-4F81-AF1B-10938220FFB3}.Release|Win32.ActiveCfg = Release|Win32
		{F9750D72-D315-4F81-AF1B-10938220FFB3}.Release|Win32.Build.0 = Release|Win32
		{F9750D72-D315-4F81-AF1B-10938220FFB3}.Release|x64.ActiveCfg = Release|x64
		{F9750D72-D315-4F81-AF1B-10938220FFB3}.Release|x64.Build.0 = Release|x64
		{46FB0B73-5A53-444A-8E72-F4F0A373098C}.Debug|Win32.ActiveCfg = Debug|Win32
		{46FB0B73-5A53-444A-8E72-F4F0A373098C}.Debug|Win32.Build.0 = Debug|Win32
		{46FB0B73-5A53-444A-8E72-F4F0A373098C}.Debug|x64.ActiveCfg = Debug|x64
		{46FB0B73-5A53-444A-8E72-F4F0A373098C}.Debug|x64.Build.0 = Debug|x64
		{46FB0B73-5A53-444A-8E72-F4F0A373098C}.Release|Win32.ActiveCfg = Release|Win32
		{46FB0B73-5A53-444A-8E72-F4F0A373098C}.Release|Win32.Build.0 = Release|Win32
		{46FB0B73-5A53-444A-8E72-F4F0A373098C}.Release|x64.ActiveCfg = Release|x64
		{46FB0B73-5A53-444A-8E72-F4F0A373098C}.Release|x64.Build.0 = Release|x64
		{E54E5A3F-E4D7-498F-8CBD-FA8BB3F4D381}.Debug|Win32.ActiveCfg = Debug|Win32
		{E54E5A3F-E4D7-498F-8CBD-FA8BB3F4D381}.Debug|Win32.Build.0 = Debug|Win32
		{E54E5A3F-E4D7-498F-8CBD-FA8BB3F4D381}.Debug|x64.ActiveCfg = Debug|x64
		{E54E5A3F-E4D7-498F-8CBD-FA8BB3F4D381}.Debug|x64.Build.0 = Debug|x64
		{E54E5A3F-E4D7-498F-8CBD-FA8BB3F4D381}.Release|Win32.ActiveCfg = Release|Win32
		{E54E5A3F-E4D7-498F-8CBD-FA8BB3F4D381}.Release|Win32.Build.0 = Release|Win32
		{E54E5A3F-E4D7-498F-8CBD-FA8BB3F4D381}.Release|x64.ActiveCfg = Release|x64
		{E54E5A3F-E4D7-498F-8CBD-FA8BB3F4D381}.Release|x64.Build.0 = Release|x64
		{E2BB236E-F5A2-4C39-BA0D-4B5DCEACF560}.Debug|Win32.ActiveCfg = Debug|Win32
		{E2BB236E-F5A2-4C39-BA0D-4B5DCEACF560}.Debug|Win32.Build.0 = Debug|Win32
		{E2BB236E-F5A2-4C39-BA0D-4B5DCEACF560}.Debug|x64.ActiveCfg = Debug|x64
		{E2BB236E-F5A2-4C39-BA0D-4B5DCEACF560}.Debug|x64.Build.0 = Debug|x64
		{E2BB236E-F5A2-4C39-BA0D-4B5DCEACF560}.Release|Win32.ActiveCfg = Release|Win32
		{E2BB236E-F5A2-4C39-BA0D-4B5DCEACF560}.Release|Win32.Build.0 = Release|Win32
		{E2BB236E-F5A2-4C39-BA0D-4B5DCEACF560}.Release|x64.ActiveCfg = Release|x64
		{E2BB236E-F5A2-4C39-BA0D-4B5DCEACF560}.Release|x64.Build.0 = Release|x64
		{997E0757-EA74-4A4E-A0FC-47D8C8831A15}.Debug|Win32.ActiveCfg = Debug|Win32
		{997E0757-EA74-4A4E-A0FC-47D8C8831A15}.Debug|Win32.Build.0 = Debug|Win32
		{997E0757-EA74-4A4E-A0FC-47D8C8831A15}.Debug|x64.ActiveCfg = Debug|x64
		{997E0757-EA74-4A4E-A0FC-47D8C8831A15}.Debug|x64.Build.0 = Debug|x64
		{997E0757-EA74-4A4E-A0FC-47D8C8831A15}.Release|Win32.ActiveCfg = Release|Win32
		{997E0757-EA74-4A4E-A0FC-47D8C8831A15}.Release|Win32.Build.0 = Release|Win32
		{997E0757-EA74-4A4E-A0FC-47D8C8831A15}.Release|x64.ActiveCfg = Release|x64
		{997E0757-EA74-4A4E-A0FC-47D8C8831A15}.Release|x64.Build.0 = Release|x64
		{2FCFE97F-6D39-4E22-9F94-633B09F06852}.Debug|Win32.ActiveCfg = Debug|Win32
		{2FCFE97F-6D39-4E22-9F94-633B09F06852}.Debug|Win32.Build.0 = Debug|Win32
		{2FCFE97F-6D39-4E22-9F94-633B09F06852}.Debug|x64.ActiveCfg = Debug|x64
		{2FCFE97F-6D39-4E22-9F94-633B09F06852}.Debug|x64.Build.0 = Debug|x64
		{2FCFE97F-6D39-4E22-9F94-633B09F06852}.Release|Win32.ActiveCfg = Release|Win32
		{2FCFE97F-6D39-4E22-9F94-633B09F06852}.Release|Win32.Build.0 = Release|Win32
		{2FCFE97F-6D39-4E22-9F94-633B09F06852}.Release|x64.ActiveCfg = Release|x64
		{2FCFE97F-6D39-4E22-9F94-633B09F06852}.Release|x64.Build.0 = Release|x64
		{98A7EB54-7FD9-460D-A416-6A60B2BE2AF3}.Debug|Win32.ActiveCfg = Debug|Win32
		{98A7EB54-7FD9-460D-A416-6A60B2BE2AF3}.Debug|Win32.Build.0 = Debug|Win32
		{98A7EB54-7FD9-460D-A416-6A60B2BE2AF3}.Debug|x64.ActiveCfg = Debug|x64
		{98A7EB54-7FD9-460D-A416-6A60B2BE2AF3}.Debug|x64.Build.0 = Debug|x64
		{98A7EB54-7FD9-460D-A416-6A60B2BE2AF3}.Release|Win32.ActiveCfg = Release|Win32
		{98A7EB54-7FD9-460D-A416-6A60B2BE2AF3}.Release|Win32.Build.0 = Release|Win32
		{98A7EB54-7FD9-460D-A416-6A60B2BE2AF3}.Release|x64.ActiveCfg = Release|x64
		{98A7EB54-7FD9-460D-A416-6A60B2BE2AF3}.Release|x64.Build.0 = Release|x64
		{95661709-3E8F-4AF7-9463-C2429A773093}.Debug|Win32.ActiveCfg = Debug|Win32
		{95661709-3E8F-4AF7-9463-C2429A773093}.Debug|Win32.Build.0 = Debug|Win32
		{95661709-3E8F-4AF7-9463-C2429A773093}.Debug|x64.ActiveCfg = Debug|x64
		{95661709-3E8F-4AF7-9463-C2429A773093}.Debug|x64.Build.0 = Debug|x64
		{95661709-3E8F-4AF7-9463-C2429A773093}.Release|Win32.ActiveCfg = Release|Win32
		{95661709-3E8F-4AF7-9463-C2429A773093}.Release|Win32.Build.0 = Release|Win32
		{95661709-3E8F-4AF7-9463-C2429A773093}.Release|x64.ActiveCfg = Release|x64
		{95661709-3E8F-4AF7-9463-C2429A773093}.Release|x64.Build.0 = Release|x64
		{D2207C3A-B231-4B34-85B2-CA452194AAC7}.Debug|Win32.ActiveCfg = Debug|Win32
		{D2207C3A-B231-4B34-85B2-CA452194AAC7}.Debug|Win32.Build.0 = Debug|Win32
		{D2207C3A-B231-4B34-85B2-CA452194AAC7}.Debug|x64.ActiveCfg = Debug|x64
		{D2207C3A-B231-4B34-85B2-CA452194AAC7}.Debug|x64.Build.0 = Debug|x64
		{D2207C3A-B231-4B34-85B2-CA452194AAC7}.Release|Win32.ActiveCfg = Release|Win32
		{D2207C3A-B231-4B34-85B2-CA452194AAC7}.Release|Win32.Build.0 = Release|Win32
		{D2207C3A-B231-4B34-85B2-CA452194AAC7}.Release|x64.ActiveCfg = Release|x64
		{D2207C3A-B231-4B34-85B2-CA452194AAC7}.Release|x64.Build.0 = Release|x64
		{54142D3D-D5C4-43D9-9B07-E0F1B3FEB263}.Debug|Win32.ActiveCfg = Debug|Win32
		{54142D3D-D5C4-43D9-9B07-E0F1B3FEB263}.Debug|Win32.Build.0 = Debug|Win32
		{54142D3D-D5C4-43D9-9B07-E0F1B3FEB263}.Debug|x64.ActiveCfg = Debug|x64
		{54142D3D-D5C4-43D9-9B07-E0F1B3FEB263}.Debug|x64.Build.0 = Debug|x64
		{54142D3D-D5C4-43D9-9B07-E0F1B3FEB263}.Release|Win32.ActiveCfg = Release|Win32
		{54142D3D-D5C4-43D9-9B07-E0F1B3FEB263}.Release|Win32.Build.0 = Release|Win32
		{54142D3D-D5C4-43D9-9B07-E0F1B3FEB263}.Release|x64.ActiveCfg = Release|x64
		{54142D3D-D5C4-43D9-9B07-E0F1B3FEB263}.Release|x64.Build.0 = Release|x64
		{83829116-B2E8-4865-A03E-68CC9EB72CFB}.Debug|Win32.ActiveCfg = Debug|Win32
		{83829116-B2E8-4865-A03E-68CC9EB72CFB}.Debug|Win32.Build.0 = Debug|Win32
		{83829116-B2E8-4865-A03E-68CC9EB72CFB}.Debug|x64.ActiveCfg = Debug|x64
		{83829116-B2E8-4865-A03E-68CC9EB72CFB}.Debug|x64.Build.0 = Debug|x64
		{83829116-B2E8-4865-A03E-68CC9EB72CFB}.Release|Win32.ActiveCfg = Release|Win32
		{83829116-B2E8-4865-A03E-68CC9EB72CFB}.Release|Win32.Build.0 = Release|Win32
		{83829116-B2E8-4865-A03E-68CC9EB72CFB}.Release|x64.ActiveCfg = Release|x64
		{83829116-B2E8-4865-A03E-68CC9EB72CFB}.Release|x64.Build.0 = Release|x64
		{F04D5FC5-548F-40B7-89BA-7DF4E9EEDEE3}.Debug|Win32.ActiveCfg = Debug|Win32
		{F04D5FC5-548F-40B7-89BA-7DF4E9EEDEE3}.Debug|Win32.Build.0 = Debug|Win32
		{F04D5FC5-548F-40B7-89BA-7DF4E9EEDEE3}.Debug|x64.ActiveCfg = Debug|x64
		{F04D5FC5-548F-40B7-89BA-7DF4E9EEDEE3}.Debug|x64.Build.0 = Debug|x64
		{F04D5FC5-548F-40B7-89BA-7DF4E9EEDEE3}.Release|Win32.ActiveCfg = Release|Win32
		{F04D5FC5-548F-40B7-89BA-7DF4E9EEDEE3}.Release|Win32.Build.0 = Release|Win32
		{F04D5FC5-548F-40B7-89BA-7DF4E9EEDEE3}.Release|x64.ActiveCfg = Release|x64
		{F04D5FC5-548F-40B7-89BA-7DF4E9EEDEE3}.Release|x64.Build.0 = Release|x64
	EndGlobalSection
	GlobalSection(SolutionProperties) = preSolution
		HideSolutionNode = FALSE
	EndGlobalSection
	GlobalSection(NestedProjects) = preSolution
		{46FB0B73-5A53-444A-8E72-F4F0A373098C} = {EF9BA84E-5B4D-47C2-BB0B-12F7D850373F}
		{F9750D72-D315-4F81-AF1B-10938220FFB3} = {EF9BA84E-5B4D-47C2-BB0B-12F7D850373F}
		{E54E5A3F-E4D7-498F-8CBD-FA8BB3F4D381} = {86F2DB76-1A22-42A6-AF1C-735A6F30B9A2}
		{E2BB236E-F5A2-4C39-BA0D-4B5DCEACF560} = {86F2DB76-1A22-42A6-AF1C-735A6F30B9A2}
		{997E0757-EA74-4A4E-A0FC-47D8C8831A15} = {86F2DB76-1A22-42A6-AF1C-735A6F30B9A2}
		{2FCFE97F-6D39-4E22-9F94-633B09F06852} = {86F2DB76-1A22-42A6-AF1C-735A6F30B9A2}
		{98A7EB54-7FD9-460D-A416-6A60B2BE2AF3} = {86F2DB76-1A22-42A6-AF1C-735A6F30B9A2}
		{95661709-3E8F-4AF7-9463-C2429A773093} = {DF0B22F3-D8B1-4608-A44F-49CDB7063CFD}
		{D2207C3A-B231-4B34-85B2-CA452194AAC7} = {DF0B22F3-D8B1-4608-A44F-49CDB7063CFD}
		{54142D3D-D5C4-43D9-9B07-E0F1B3FEB263} = {DF0B22F3-D8B1-4608-A44F-49CDB7063CFD}
		{83829116-B2E8-4865-A03E-68CC9EB72CFB} = {DF0B22F3-D8B1-4608-A44F-49CDB7063CFD}
		{F04D5FC5-548F-40B7-89BA-7DF4E9EEDEE3} = {B5C2B107-A761-491A-81C7-73996C809754}
	EndGlobalSection
EndGlobal
