
Microsoft Visual Studio Solution File, Format Version 11.00
# Visual Studio 2010
Project("{FAE04EC0-301F-11D3-BF4B-00C04F79EFBC}") = "HybridParallelLibrary", "HybridParallelLibrary\HybridParallelLibrary.csproj", "{D6C5511C-F826-4D5A-B13A-8D238DC07B56}"
EndProject
Project("{FAE04EC0-301F-11D3-BF4B-00C04F79EFBC}") = "Examples", "Examples\Examples.csproj", "{226B57BB-9B76-4E9D-8CDF-E39C4C7C8854}"
EndProject
Project("{FAE04EC0-301F-11D3-BF4B-00C04F79EFBC}") = "HybridParallelLibrary.Gpu", "HybridParallelLibrary.Gpu\HybridParallelLibrary.Gpu.csproj", "{CE81F308-6B35-4098-9735-2FBFD58CF35D}"
EndProject
Global
	GlobalSection(SolutionConfigurationPlatforms) = preSolution
		Debug|Any CPU = Debug|Any CPU
		Debug|Mixed Platforms = Debug|Mixed Platforms
		Debug|x86 = Debug|x86
		Release|Any CPU = Release|Any CPU
		Release|Mixed Platforms = Release|Mixed Platforms
		Release|x86 = Release|x86
	EndGlobalSection
	GlobalSection(ProjectConfigurationPlatforms) = postSolution
		{D6C5511C-F826-4D5A-B13A-8D238DC07B56}.Debug|Any CPU.ActiveCfg = Debug|Any CPU
		{D6C5511C-F826-4D5A-B13A-8D238DC07B56}.Debug|Any CPU.Build.0 = Debug|Any CPU
		{D6C5511C-F826-4D5A-B13A-8D238DC07B56}.Debug|Mixed Platforms.ActiveCfg = Debug|Any CPU
		{D6C5511C-F826-4D5A-B13A-8D238DC07B56}.Debug|Mixed Platforms.Build.0 = Debug|Any CPU
		{D6C5511C-F826-4D5A-B13A-8D238DC07B56}.Debug|x86.ActiveCfg = Debug|Any CPU
		{D6C5511C-F826-4D5A-B13A-8D238DC07B56}.Release|Any CPU.ActiveCfg = Release|Any CPU
		{D6C5511C-F826-4D5A-B13A-8D238DC07B56}.Release|Any CPU.Build.0 = Release|Any CPU
		{D6C5511C-F826-4D5A-B13A-8D238DC07B56}.Release|Mixed Platforms.ActiveCfg = Release|Any CPU
		{D6C5511C-F826-4D5A-B13A-8D238DC07B56}.Release|Mixed Platforms.Build.0 = Release|Any CPU
		{D6C5511C-F826-4D5A-B13A-8D238DC07B56}.Release|x86.ActiveCfg = Release|Any CPU
		{226B57BB-9B76-4E9D-8CDF-E39C4C7C8854}.Debug|Any CPU.ActiveCfg = Debug|x86
		{226B57BB-9B76-4E9D-8CDF-E39C4C7C8854}.Debug|Mixed Platforms.ActiveCfg = Debug|x86
		{226B57BB-9B76-4E9D-8CDF-E39C4C7C8854}.Debug|Mixed Platforms.Build.0 = Debug|x86
		{226B57BB-9B76-4E9D-8CDF-E39C4C7C8854}.Debug|x86.ActiveCfg = Debug|x86
		{226B57BB-9B76-4E9D-8CDF-E39C4C7C8854}.Debug|x86.Build.0 = Debug|x86
		{226B57BB-9B76-4E9D-8CDF-E39C4C7C8854}.Release|Any CPU.ActiveCfg = Release|x86
		{226B57BB-9B76-4E9D-8CDF-E39C4C7C8854}.Release|Mixed Platforms.ActiveCfg = Release|x86
		{226B57BB-9B76-4E9D-8CDF-E39C4C7C8854}.Release|Mixed Platforms.Build.0 = Release|x86
		{226B57BB-9B76-4E9D-8CDF-E39C4C7C8854}.Release|x86.ActiveCfg = Release|x86
		{226B57BB-9B76-4E9D-8CDF-E39C4C7C8854}.Release|x86.Build.0 = Release|x86
		{CE81F308-6B35-4098-9735-2FBFD58CF35D}.Debug|Any CPU.ActiveCfg = Debug|Any CPU
		{CE81F308-6B35-4098-9735-2FBFD58CF35D}.Debug|Any CPU.Build.0 = Debug|Any CPU
		{CE81F308-6B35-4098-9735-2FBFD58CF35D}.Debug|Mixed Platforms.ActiveCfg = Debug|Any CPU
		{CE81F308-6B35-4098-9735-2FBFD58CF35D}.Debug|Mixed Platforms.Build.0 = Debug|Any CPU
		{CE81F308-6B35-4098-9735-2FBFD58CF35D}.Debug|x86.ActiveCfg = Debug|Any CPU
		{CE81F308-6B35-4098-9735-2FBFD58CF35D}.Release|Any CPU.ActiveCfg = Release|Any CPU
		{CE81F308-6B35-4098-9735-2FBFD58CF35D}.Release|Any CPU.Build.0 = Release|Any CPU
		{CE81F308-6B35-4098-9735-2FBFD58CF35D}.Release|Mixed Platforms.ActiveCfg = Release|Any CPU
		{CE81F308-6B35-4098-9735-2FBFD58CF35D}.Release|Mixed Platforms.Build.0 = Release|Any CPU
		{CE81F308-6B35-4098-9735-2FBFD58CF35D}.Release|x86.ActiveCfg = Release|Any CPU
	EndGlobalSection
	GlobalSection(SolutionProperties) = preSolution
		HideSolutionNode = FALSE
	EndGlobalSection
EndGlobal
